
Microsoft Visual Studio Solution File, Format Version 12.00
# Visual Studio 15
VisualStudioVersion = 15.0.28307.329
MinimumVisualStudioVersion = 10.0.40219.1
Project("{FAE04EC0-301F-11D3-BF4B-00C04F79EFBC}") = "FCP-XML-SRT-Syncer", "FCP-XML-SRT-Syncer.csproj", "{89F556E1-55D5-4A38-8FED-D51978332762}"
EndProject
Global
	GlobalSection(SolutionConfigurationPlatforms) = preSolution
		Debug|Any CPU = Debug|Any CPU
		Release|Any CPU = Release|Any CPU
	EndGlobalSection
	GlobalSection(ProjectConfigurationPlatforms) = postSolution
		{89F556E1-55D5-4A38-8FED-D51978332762}.Debug|Any CPU.ActiveCfg = Debug|Any CPU
		{89F556E1-55D5-4A38-8FED-D51978332762}.Debug|Any CPU.Build.0 = Debug|Any CPU
		{89F556E1-55D5-4A38-8FED-D51978332762}.Release|Any CPU.ActiveCfg = Release|Any CPU
		{89F556E1-55D5-4A38-8FED-D51978332762}.Release|Any CPU.Build.0 = Release|Any CPU
	EndGlobalSection
	GlobalSection(SolutionProperties) = preSolution
		HideSolutionNode = FALSE
	EndGlobalSection
	GlobalSection(ExtensibilityGlobals) = postSolution
		SolutionGuid = {6FAF9B98-310F-4F16-AE2E-A5708FA37CD3}
	EndGlobalSection
EndGlobal
